Microsoft Visual Studio Solution File, Format Version 12.00
# Visual Studio Version 16
VisualStudioVersion = 16.0.30114.105
MinimumVisualStudioVersion = 10.0.40219.1
Project("{9A19103F-16F7-4668-BE54-9A1E7A4F7556}") = "FootballManager.Core", "FootballManager.Core\FootballManager.Core.csproj", "{22D4BD81-4E75-42EF-AF29-7E66F4DDCF8A}"
EndProject
Project("{9A19103F-16F7-4668-BE54-9A1E7A4F7556}") = "FootballManager.UI", "FootballManager.UI\FootballManager.UI.csproj", "{783D62CA-63F2-4B65-843E-CAB1DC8FA6A5}"
EndProject
Global
	GlobalSection(SolutionConfigurationPlatforms) = preSolution
		Debug|Any CPU = Debug|Any CPU
		Release|Any CPU = Release|Any CPU
	EndGlobalSection
	GlobalSection(ProjectConfigurationPlatforms) = postSolution
		{22D4BD81-4E75-42EF-AF29-7E66F4DDCF8A}.Debug|Any CPU.ActiveCfg = Debug|Any CPU
		{22D4BD81-4E75-42EF-AF29-7E66F4DDCF8A}.Debug|Any CPU.Build.0 = Debug|Any CPU
		{22D4BD81-4E75-42EF-AF29-7E66F4DDCF8A}.Release|Any CPU.ActiveCfg = Release|Any CPU
		{22D4BD81-4E75-42EF-AF29-7E66F4DDCF8A}.Release|Any CPU.Build.0 = Release|Any CPU
		{783D62CA-63F2-4B65-843E-CAB1DC8FA6A5}.Debug|Any CPU.ActiveCfg = Debug|Any CPU
		{783D62CA-63F2-4B65-843E-CAB1DC8FA6A5}.Debug|Any CPU.Build.0 = Debug|Any CPU
		{783D62CA-63F2-4B65-843E-CAB1DC8FA6A5}.Release|Any CPU.ActiveCfg = Release|Any CPU
		{783D62CA-63F2-4B65-843E-CAB1DC8FA6A5}.Release|Any CPU.Build.0 = Release|Any CPU
	EndGlobalSection
	GlobalSection(SolutionProperties) = preSolution
		HideSolutionNode = FALSE
	EndGlobalSection
	GlobalSection(ExtensibilityGlobals) = postSolution
		SolutionGuid = {B8A9F2A2-7F8E-445F-8592-D08DF42A5B93}
	EndGlobalSection
EndGlobal